
Microsoft Visual Studio Solution File, Format Version 12.00
# Visual Studio Version 16
VisualStudioVersion = 16.0.32510.428
MinimumVisualStudioVersion = 10.0.40219.1
Project("{FAE04EC0-301F-11D3-BF4B-00C04F79EFBC}") = "IngresoPersonas.Android", "IngresoPersonas\IngresoPersonas.Android\IngresoPersonas.Android.csproj", "{D534574A-3D7A-4C46-8BF5-22FE142C01A1}"
EndProject
Project("{FAE04EC0-301F-11D3-BF4B-00C04F79EFBC}") = "IngresoPersonas", "IngresoPersonas\IngresoPersonas\IngresoPersonas.csproj", "{FC7D9BA4-25D7-43A1-8BE6-CF24D6831F1E}"
EndProject
Global
	GlobalSection(SolutionConfigurationPlatforms) = preSolution
		Debug|Any CPU = Debug|Any CPU
		Release|Any CPU = Release|Any CPU
	EndGlobalSection
	GlobalSection(ProjectConfigurationPlatforms) = postSolution
		{D534574A-3D7A-4C46-8BF5-22FE142C01A1}.Debug|Any CPU.ActiveCfg = Debug|Any CPU
		{D534574A-3D7A-4C46-8BF5-22FE142C01A1}.Debug|Any CPU.Build.0 = Debug|Any CPU
		{D534574A-3D7A-4C46-8BF5-22FE142C01A1}.Debug|Any CPU.Deploy.0 = Debug|Any CPU
		{D534574A-3D7A-4C46-8BF5-22FE142C01A1}.Release|Any CPU.ActiveCfg = Release|Any CPU
		{D534574A-3D7A-4C46-8BF5-22FE142C01A1}.Release|Any CPU.Build.0 = Release|Any CPU
		{D534574A-3D7A-4C46-8BF5-22FE142C01A1}.Release|Any CPU.Deploy.0 = Release|Any CPU
		{FC7D9BA4-25D7-43A1-8BE6-CF24D6831F1E}.Debug|Any CPU.ActiveCfg = Debug|Any CPU
		{FC7D9BA4-25D7-43A1-8BE6-CF24D6831F1E}.Debug|Any CPU.Build.0 = Debug|Any CPU
		{FC7D9BA4-25D7-43A1-8BE6-CF24D6831F1E}.Debug|Any CPU.Deploy.0 = Debug|Any CPU
		{FC7D9BA4-25D7-43A1-8BE6-CF24D6831F1E}.Release|Any CPU.ActiveCfg = Release|Any CPU
		{FC7D9BA4-25D7-43A1-8BE6-CF24D6831F1E}.Release|Any CPU.Build.0 = Release|Any CPU
		{FC7D9BA4-25D7-43A1-8BE6-CF24D6831F1E}.Release|Any CPU.Deploy.0 = Release|Any CPU
	EndGlobalSection
	GlobalSection(SolutionProperties) = preSolution
		HideSolutionNode = FALSE
	EndGlobalSection
	GlobalSection(ExtensibilityGlobals) = postSolution
		SolutionGuid = {C32EF971-AB1A-4761-BBBA-02ABCCC2FAD9}
	EndGlobalSection
EndGlobal
